
Microsoft Visual Studio Solution File, Format Version 12.00
# Visual Studio 15
Project("{FAE04EC0-301F-11D3-BF4B-00C04F79EFBC}") = "SikiARPG", "SikiARPG.csproj", "{720054B8-F68D-9606-EE8B-338A18188D64}"
EndProject
Project("{FAE04EC0-301F-11D3-BF4B-00C04F79EFBC}") = "SikiARPG.Editor", "SikiARPG.Editor.csproj", "{19F77CDC-794A-8061-469E-7B932E6D388D}"
EndProject
Global
	GlobalSection(SolutionConfigurationPlatforms) = preSolution
		Debug|Any CPU = Debug|Any CPU
		Release|Any CPU = Release|Any CPU
	EndGlobalSection
	GlobalSection(ProjectConfigurationPlatforms) = postSolution
		{720054B8-F68D-9606-EE8B-338A18188D64}.Debug|Any CPU.ActiveCfg = Debug|Any CPU
		{720054B8-F68D-9606-EE8B-338A18188D64}.Debug|Any CPU.Build.0 = Debug|Any CPU
		{720054B8-F68D-9606-EE8B-338A18188D64}.Release|Any CPU.ActiveCfg = Release|Any CPU
		{720054B8-F68D-9606-EE8B-338A18188D64}.Release|Any CPU.Build.0 = Release|Any CPU
		{19F77CDC-794A-8061-469E-7B932E6D388D}.Debug|Any CPU.ActiveCfg = Debug|Any CPU
		{19F77CDC-794A-8061-469E-7B932E6D388D}.Debug|Any CPU.Build.0 = Debug|Any CPU
		{19F77CDC-794A-8061-469E-7B932E6D388D}.Release|Any CPU.ActiveCfg = Release|Any CPU
		{19F77CDC-794A-8061-469E-7B932E6D388D}.Release|Any CPU.Build.0 = Release|Any CPU
	EndGlobalSection
	GlobalSection(SolutionProperties) = preSolution
		HideSolutionNode = FALSE
	EndGlobalSection
EndGlobal
